// !$*UTF8*$!
{
	archiveVersion = 1;
	classes = {
	};
	objectVersion = 46;
	objects = {

		4639105A9E3FADC4E66D651F = {isa = PBXBuildFile; fileRef = ACE77EF480F75B20A21A8E16; };
		3852AE6BB0773CE9E652EB74 = {isa = PBXBuildFile; fileRef = 22961D349FCDCA1926D3BFBF; };
		0716467BB080BC02751343C0 = {isa = PBXBuildFile; fileRef = 79CED2DA7BABC0CADDDB46EB; };
		1E423EB92E1F37E725B78031 = {isa = PBXBuildFile; fileRef = 196828A5F02E2503ADEAB29C; };
		87E87F7EA345EFD7BDF78A5A = {isa = PBXBuildFile; fileRef = 6FF7F1D050639B7B9E3A5AA8; };
		FAE11D97DAD9F7ACB6092187 = {isa = PBXBuildFile; fileRef = 43F17C881B044171D606A650; };
		5E3B4E39E850D16BA923A094 = {isa = PBXBuildFile; fileRef = 19A8CB5DDE42CC0738A68291; };
		98995CF6D86555100EE34AC4 = {isa = PBXBuildFile; fileRef = C5E71FB3360590EB0A6FE1BD; };
		7D1EF4B7B25E5F197B0216ED = {isa = PBXBuildFile; fileRef = 1A6E51E458606C22A711D47A; };
		DFEE05FFADCA26949E5F8CAD = {isa = PBXBuildFile; fileRef = 8FD53334496A89E4B93EFCD8; };
		732E0D9731DC4DC9DBEBCBFB = {isa = PBXBuildFile; fileRef = 1B3F88632F5E44BDC039FAB1; };
		32B56C9703D668DB7D503243 = {isa = PBXBuildFile; fileRef = 0FAF0590F2435E22CE19D6B0; };
		AB40A517BA6A0F7A4E5C6E62 = {isa = PBXBuildFile; fileRef = 3A39B1346283E2A411042C94; };
		458A6E5212718D7E2C860D8A = {isa = PBXBuildFile; fileRef = 65CB30F431963E893DE07B70; };
		DACF43C322B02EFCADA5EDDA = {isa = PBXBuildFile; fileRef = DF5D5E2107795F39B3A445E4; };
		5A3291E1034E7F980D9EAE14 = {isa = PBXBuildFile; fileRef = D714CEF2D0ACEAAF4FEA5C3E; };
		D6BDCC301B7DE2F80199EDB1 = {isa = PBXBuildFile; fileRef = 3D16AA3DCA8AB70B2CC2EDEB; };
		C10701574ABCF93623E37114 = {isa = PBXBuildFile; fileRef = 82F11122C4F3AC614179965D; };
		AF95D831EF4AFC34757AA4B4 = {isa = PBXBuildFile; fileRef = B28A35A9922134C408B58B01; };
		1B316ABCBE07A2E1CD97E689 = {isa = PBXBuildFile; fileRef = 0F1C7ED2179A5FD16034F46C; };
		171023FB37BC70DF1A028321 = {isa = PBXBuildFile; fileRef = DEA79A151FE614770544460F; };
		5FB07D5A5D0BD5C7BF8FFE4D = {isa = PBXBuildFile; fileRef = ACE149A93D5CE02DB5285C03; };
		35841F07CC519C8CA5FC2A1B = {isa = PBXBuildFile; fileRef = A7C2D5CFDC8E6FA060E69425; };
		14BD826556692D981A5334A5 = {isa = PBXBuildFile; fileRef = E84B6C697190304C4F3BCEF6; };
		FE2C579A99BBB1D9DA4B5597 = {isa = PBXBuildFile; fileRef = E25F2C93A87032BC41885E57; };
		39BF563B9D2E5268931B65EE = {isa = PBXBuildFile; fileRef = 988846F9C72575D87AAC1C14; };
		20357C564D48483F9454DE5C = {isa = PBXBuildFile; fileRef = D6D48123AF0AEA40773D88A4; };
		0F1C7ED2179A5FD16034F46C = {isa = PBXFileReference; lastKnownFileType = sourcecode.cpp.cpp; name = BinaryData.cpp; path = ../../JuceLibraryCode/BinaryData.cpp; sourceTree = "SOURCE_ROOT"; };
		0FAF0590F2435E22CE19D6B0 = {isa = PBXFileReference; lastKnownFileType = sourcecode.cpp.cpp; name = "mac_Serial.cpp"; path = "../../Source/mac_Serial.cpp"; sourceTree = "SOURCE_ROOT"; };
		10B71B41EE08AE70037D86B7 = {isa = PBXFileReference; lastKnownFileType = sourcecode.c.h; name = Serial.h; path = ../../Source/Serial.h; sourceTree = "SOURCE_ROOT"; };
		181A1ACD76CECB157B436D60 = {isa = PBXFileReference; lastKnownFileType = text.plist.xml; name = "Info-App.plist"; path = "Info-App.plist"; sourceTree = "SOURCE_ROOT"; };
		196828A5F02E2503ADEAB29C = {isa = PBXFileReference; lastKnownFileType = wrapper.framework; name = IOKit.framework; path = System/Library/Frameworks/IOKit.framework; sourceTree = SDKROOT; };
		19A8CB5DDE42CC0738A68291 = {isa = PBXFileReference; lastKnownFileType = file.nib; name = RecentFilesMenuTemplate.nib; path = RecentFilesMenuTemplate.nib; sourceTree = "SOURCE_ROOT"; };
		1A6E51E458606C22A711D47A = {isa = PBXFileReference; lastKnownFileType = sourcecode.cpp.cpp; name = AudioSettings.cpp; path = ../../Source/AudioSettings.cpp; sourceTree = "SOURCE_ROOT"; };
		1B3F88632F5E44BDC039FAB1 = {isa = PBXFileReference; lastKnownFileType = sourcecode.cpp.cpp; name = "linux_Serial.cpp"; path = "../../Source/linux_Serial.cpp"; sourceTree = "SOURCE_ROOT"; };
		1E88876A55BEAA432F280BC8 = {isa = PBXFileReference; lastKnownFileType = sourcecode.c.h; name = BinaryData.h; path = ../../JuceLibraryCode/BinaryData.h; sourceTree = "SOURCE_ROOT"; };
		22961D349FCDCA1926D3BFBF = {isa = PBXFileReference; lastKnownFileType = wrapper.framework; name = Carbon.framework; path = System/Library/Frameworks/Carbon.framework; sourceTree = SDKROOT; };
		31326481F33C01045587A77D = {isa = PBXFileReference; lastKnownFileType = file; name = "juce_cryptography"; path = "~/JUCE/modules/juce_cryptography"; sourceTree = "<absolute>"; };
		3A39B1346283E2A411042C94 = {isa = PBXFileReference; lastKnownFileType = sourcecode.cpp.cpp; name = Main.cpp; path = ../../Source/Main.cpp; sourceTree = "SOURCE_ROOT"; };
		3D16AA3DCA8AB70B2CC2EDEB = {isa = PBXFileReference; lastKnownFileType = sourcecode.cpp.cpp; name = RemoteControl.cpp; path = ../../Source/RemoteControl.cpp; sourceTree = "SOURCE_ROOT"; };
		43F17C881B044171D606A650 = {isa = PBXFileReference; lastKnownFileType = wrapper.framework; name = WebKit.framework; path = System/Library/Frameworks/WebKit.framework; sourceTree = SDKROOT; };
		475503EBDBF13B67C5E46811 = {isa = PBXFileReference; lastKnownFileType = sourcecode.c.h; name = TriggerSettings.h; path = ../../Source/TriggerSettings.h; sourceTree = "SOURCE_ROOT"; };
		5157327D06DF6954D9D9A30A = {isa = PBXFileReference; lastKnownFileType = sourcecode.c.h; name = Communicator.h; path = ../../Source/Communicator.h; sourceTree = "SOURCE_ROOT"; };
		597060AF48B451ED46F260E9 = {isa = PBXFileReference; lastKnownFileType = image.png; name = "Tsunami3_256.png"; path = "../../Source/Tsunami3_256.png"; sourceTree = "SOURCE_ROOT"; };
		64B91C1FED095BC7A2D6B20D = {isa = PBXFileReference; lastKnownFileType = file; name = "juce_graphics"; path = "~/JUCE/modules/juce_graphics"; sourceTree = "<absolute>"; };
		65CB30F431963E893DE07B70 = {isa = PBXFileReference; lastKnownFileType = sourcecode.cpp.cpp; name = MainComponent.cpp; path = ../../Source/MainComponent.cpp; sourceTree = "SOURCE_ROOT"; };
		6710FAC18EFED1B7C680CA27 = {isa = PBXFileReference; lastKnownFileType = sourcecode.c.h; name = MidiSettings.h; path = ../../Source/MidiSettings.h; sourceTree = "SOURCE_ROOT"; };
		6A7C42B47F643B343526C196 = {isa = PBXFileReference; lastKnownFileType = file; name = "juce_gui_basics"; path = "~/JUCE/modules/juce_gui_basics"; sourceTree = "<absolute>"; };
		6FF7F1D050639B7B9E3A5AA8 = {isa = PBXFileReference; lastKnownFileType = wrapper.framework; name = QuartzCore.framework; path = System/Library/Frameworks/QuartzCore.framework; sourceTree = SDKROOT; };
		744DCDBCFE81E423FCCB2C8F = {isa = PBXFileReference; lastKnownFileType = sourcecode.c.h; name = RemoteControl.h; path = ../../Source/RemoteControl.h; sourceTree = "SOURCE_ROOT"; };
		7494D173466E41A52BE8845C = {isa = PBXFileReference; lastKnownFileType = sourcecode.c.h; name = AudioSettings.h; path = ../../Source/AudioSettings.h; sourceTree = "SOURCE_ROOT"; };
		79CED2DA7BABC0CADDDB46EB = {isa = PBXFileReference; lastKnownFileType = wrapper.framework; name = Cocoa.framework; path = System/Library/Frameworks/Cocoa.framework; sourceTree = SDKROOT; };
		8230DF519A4E61638F011ADE = {isa = PBXFileReference; lastKnownFileType = sourcecode.c.h; name = Commands.h; path = ../../Source/Commands.h; sourceTree = "SOURCE_ROOT"; };
		82F11122C4F3AC614179965D = {isa = PBXFileReference; lastKnownFileType = sourcecode.cpp.cpp; name = TriggerSettings.cpp; path = ../../Source/TriggerSettings.cpp; sourceTree = "SOURCE_ROOT"; };
		8FD53334496A89E4B93EFCD8 = {isa = PBXFileReference; lastKnownFileType = sourcecode.cpp.cpp; name = Communicator.cpp; path = ../../Source/Communicator.cpp; sourceTree = "SOURCE_ROOT"; };
		988846F9C72575D87AAC1C14 = {isa = PBXFileReference; lastKnownFileType = sourcecode.cpp.objcpp; name = "include_juce_gui_basics.mm"; path = "../../JuceLibraryCode/include_juce_gui_basics.mm"; sourceTree = "SOURCE_ROOT"; };
		989F0DE73913DF995CBDB755 = {isa = PBXFileReference; lastKnownFileType = sourcecode.c.h; name = OutputComponent.h; path = ../../Source/OutputComponent.h; sourceTree = "SOURCE_ROOT"; };
		98F0F0EE36AB8E3C928B87DF = {isa = PBXFileReference; lastKnownFileType = sourcecode.c.h; name = MainComponent.h; path = ../../Source/MainComponent.h; sourceTree = "SOURCE_ROOT"; };
		9EE9BD4101444524B3FF7870 = {isa = PBXFileReference; lastKnownFileType = file; name = "juce_data_structures"; path = "~/JUCE/modules/juce_data_structures"; sourceTree = "<absolute>"; };
		A7C2D5CFDC8E6FA060E69425 = {isa = PBXFileReference; lastKnownFileType = sourcecode.cpp.objcpp; name = "include_juce_data_structures.mm"; path = "../../JuceLibraryCode/include_juce_data_structures.mm"; sourceTree = "SOURCE_ROOT"; };
		AC1C856F658B550E8729E7A6 = {isa = PBXFileReference; lastKnownFileType = sourcecode.c.h; name = AppConfig.h; path = ../../JuceLibraryCode/AppConfig.h; sourceTree = "SOURCE_ROOT"; };
		ACE149A93D5CE02DB5285C03 = {isa = PBXFileReference; lastKnownFileType = sourcecode.cpp.objcpp; name = "include_juce_cryptography.mm"; path = "../../JuceLibraryCode/include_juce_cryptography.mm"; sourceTree = "SOURCE_ROOT"; };
		ACE77EF480F75B20A21A8E16 = {isa = PBXFileReference; explicitFileType = wrapper.application; includeInIndex = 0; path = WTConfig.app; sourceTree = "BUILT_PRODUCTS_DIR"; };
		B28A35A9922134C408B58B01 = {isa = PBXFileReference; lastKnownFileType = sourcecode.cpp.cpp; name = "win32_Serial.cpp"; path = "../../Source/win32_Serial.cpp"; sourceTree = "SOURCE_ROOT"; };
		B48F1580E1441FAB5FD9B470 = {isa = PBXFileReference; lastKnownFileType = sourcecode.c.h; name = config.h; path = ../../Source/config.h; sourceTree = "SOURCE_ROOT"; };
		C4ED536DAE3433BD6F6C52A2 = {isa = PBXFileReference; lastKnownFileType = file; name = "juce_events"; path = "~/JUCE/modules/juce_events"; sourceTree = "<absolute>"; };
		C5E71FB3360590EB0A6FE1BD = {isa = PBXFileReference; lastKnownFileType = file.icns; name = Icon.icns; path = Icon.icns; sourceTree = "SOURCE_ROOT"; };
		D35073B1A23AE6D9B6AA074D = {isa = PBXFileReference; lastKnownFileType = sourcecode.c.h; name = HelpComponent.h; path = ../../Source/HelpComponent.h; sourceTree = "SOURCE_ROOT"; };
		D67FC300AE62012B660136F4 = {isa = PBXFileReference; lastKnownFileType = sourcecode.c.h; name = JuceHeader.h; path = ../../JuceLibraryCode/JuceHeader.h; sourceTree = "SOURCE_ROOT"; };
		D6D48123AF0AEA40773D88A4 = {isa = PBXFileReference; lastKnownFileType = sourcecode.cpp.objcpp; name = "include_juce_gui_extra.mm"; path = "../../JuceLibraryCode/include_juce_gui_extra.mm"; sourceTree = "SOURCE_ROOT"; };
		D714CEF2D0ACEAAF4FEA5C3E = {isa = PBXFileReference; lastKnownFileType = sourcecode.cpp.cpp; name = OutputComponent.cpp; path = ../../Source/OutputComponent.cpp; sourceTree = "SOURCE_ROOT"; };
		DEA79A151FE614770544460F = {isa = PBXFileReference; lastKnownFileType = sourcecode.cpp.objcpp; name = "include_juce_core.mm"; path = "../../JuceLibraryCode/include_juce_core.mm"; sourceTree = "SOURCE_ROOT"; };
		DF5D5E2107795F39B3A445E4 = {isa = PBXFileReference; lastKnownFileType = sourcecode.cpp.cpp; name = MidiSettings.cpp; path = ../../Source/MidiSettings.cpp; sourceTree = "SOURCE_ROOT"; };
		E05F2DA8D00D7EAB558A2413 = {isa = PBXFileReference; lastKnownFileType = file; name = "juce_core"; path = "~/JUCE/modules/juce_core"; sourceTree = "<absolute>"; };
		E25F2C93A87032BC41885E57 = {isa = PBXFileReference; lastKnownFileType = sourcecode.cpp.objcpp; name = "include_juce_graphics.mm"; path = "../../JuceLibraryCode/include_juce_graphics.mm"; sourceTree = "SOURCE_ROOT"; };
		E84B6C697190304C4F3BCEF6 = {isa = PBXFileReference; lastKnownFileType = sourcecode.cpp.objcpp; name = "include_juce_events.mm"; path = "../../JuceLibraryCode/include_juce_events.mm"; sourceTree = "SOURCE_ROOT"; };
		FBC1F856F1E148556E090095 = {isa = PBXFileReference; lastKnownFileType = file; name = "juce_gui_extra"; path = "~/JUCE/modules/juce_gui_extra"; sourceTree = "<absolute>"; };
		5D48784AB11B732F141BE4D7 = {isa = PBXGroup; children = (
					1A6E51E458606C22A711D47A,
					7494D173466E41A52BE8845C,
					8230DF519A4E61638F011ADE,
					8FD53334496A89E4B93EFCD8,
					5157327D06DF6954D9D9A30A,
					B48F1580E1441FAB5FD9B470,
					D35073B1A23AE6D9B6AA074D,
					1B3F88632F5E44BDC039FAB1,
					0FAF0590F2435E22CE19D6B0,
					3A39B1346283E2A411042C94,
					65CB30F431963E893DE07B70,
					98F0F0EE36AB8E3C928B87DF,
					DF5D5E2107795F39B3A445E4,
					6710FAC18EFED1B7C680CA27,
					D714CEF2D0ACEAAF4FEA5C3E,
					989F0DE73913DF995CBDB755,
					3D16AA3DCA8AB70B2CC2EDEB,
					744DCDBCFE81E423FCCB2C8F,
					10B71B41EE08AE70037D86B7,
					82F11122C4F3AC614179965D,
					475503EBDBF13B67C5E46811,
					597060AF48B451ED46F260E9,
					B28A35A9922134C408B58B01, ); name = Source; sourceTree = "<group>"; };
		0073FF1E59EAB9579D44E459 = {isa = PBXGroup; children = (
					5D48784AB11B732F141BE4D7, ); name = WTConfig; sourceTree = "<group>"; };
		FF140729BFA92AADF56C058A = {isa = PBXGroup; children = (
					E05F2DA8D00D7EAB558A2413,
					31326481F33C01045587A77D,
					9EE9BD4101444524B3FF7870,
					C4ED536DAE3433BD6F6C52A2,
					64B91C1FED095BC7A2D6B20D,
					6A7C42B47F643B343526C196,
					FBC1F856F1E148556E090095, ); name = "Juce Modules"; sourceTree = "<group>"; };
		DF34CEEB9C7B6887FF948648 = {isa = PBXGroup; children = (
					AC1C856F658B550E8729E7A6,
					0F1C7ED2179A5FD16034F46C,
					1E88876A55BEAA432F280BC8,
					DEA79A151FE614770544460F,
					ACE149A93D5CE02DB5285C03,
					A7C2D5CFDC8E6FA060E69425,
					E84B6C697190304C4F3BCEF6,
					E25F2C93A87032BC41885E57,
					988846F9C72575D87AAC1C14,
					D6D48123AF0AEA40773D88A4,
					D67FC300AE62012B660136F4, ); name = "Juce Library Code"; sourceTree = "<group>"; };
		A2906094857D04F8ED1FF481 = {isa = PBXGroup; children = (
					181A1ACD76CECB157B436D60,
					19A8CB5DDE42CC0738A68291,
					C5E71FB3360590EB0A6FE1BD, ); name = Resources; sourceTree = "<group>"; };
		0204F63FBEABFD94B96E0BE9 = {isa = PBXGroup; children = (
					22961D349FCDCA1926D3BFBF,
					79CED2DA7BABC0CADDDB46EB,
					196828A5F02E2503ADEAB29C,
					6FF7F1D050639B7B9E3A5AA8,
					43F17C881B044171D606A650, ); name = Frameworks; sourceTree = "<group>"; };
		1499D175F164C9CEA5F40989 = {isa = PBXGroup; children = (
					ACE77EF480F75B20A21A8E16, ); name = Products; sourceTree = "<group>"; };
		7824F0A4A79C882C9B778749 = {isa = PBXGroup; children = (
					0073FF1E59EAB9579D44E459,
					FF140729BFA92AADF56C058A,
					DF34CEEB9C7B6887FF948648,
					A2906094857D04F8ED1FF481,
					0204F63FBEABFD94B96E0BE9,
					1499D175F164C9CEA5F40989, ); name = Source; sourceTree = "<group>"; };
		2A3C9C652BF6B9817926FDAB = {isa = XCBuildConfiguration; buildSettings = {
				CLANG_CXX_LANGUAGE_STANDARD = "c++11";
				CLANG_LINK_OBJC_RUNTIME = NO;
				COMBINE_HIDPI_IMAGES = YES;
				CONFIGURATION_BUILD_DIR = "$(PROJECT_DIR)/build/$(CONFIGURATION)";
				COPY_PHASE_STRIP = NO;
				GCC_DYNAMIC_NO_PIC = NO;
				GCC_OPTIMIZATION_LEVEL = 0;
				GCC_PREPROCESSOR_DEFINITIONS = (
					"_DEBUG=1",
					"DEBUG=1",
					"JUCER_XCODE_MAC_F6D2F4CF=1",
					"JUCE_APP_VERSION=2.0.0",
					"JUCE_APP_VERSION_HEX=0x20000",
					"JucePlugin_Build_VST=0",
					"JucePlugin_Build_VST3=0",
					"JucePlugin_Build_AU=0",
					"JucePlugin_Build_AUv3=0",
					"JucePlugin_Build_RTAS=0",
					"JucePlugin_Build_AAX=0",
					"JucePlugin_Build_Standalone=0", );
				GCC_VERSION = com.apple.compilers.llvm.clang.1_0;
				HEADER_SEARCH_PATHS = ("../../JuceLibraryCode", "~/JUCE/modules", "$(inherited)");
				INFOPLIST_FILE = Info-App.plist;
				INFOPLIST_PREPROCESS = NO;
				INSTALL_PATH = "$(HOME)/Applications";
				MACOSX_DEPLOYMENT_TARGET = 10.6;
				MACOSX_DEPLOYMENT_TARGET_ppc = 10.4;
				PRODUCT_BUNDLE_IDENTIFIER = com.robertsonics.wtconfig;
				SDKROOT_ppc = macosx10.5;
				USE_HEADERMAP = NO; }; name = Debug; };
		84E872F12A41E29FEBE49107 = {isa = XCBuildConfiguration; buildSettings = {
				CLANG_CXX_LANGUAGE_STANDARD = "c++11";
				CLANG_LINK_OBJC_RUNTIME = NO;
				COMBINE_HIDPI_IMAGES = YES;
				CONFIGURATION_BUILD_DIR = "$(PROJECT_DIR)/build/$(CONFIGURATION)";
				DEAD_CODE_STRIPPING = YES;
				GCC_GENERATE_DEBUGGING_SYMBOLS = NO;
				GCC_OPTIMIZATION_LEVEL = 3;
				GCC_PREPROCESSOR_DEFINITIONS = (
					"_NDEBUG=1",
					"NDEBUG=1",
					"JUCER_XCODE_MAC_F6D2F4CF=1",
					"JUCE_APP_VERSION=2.0.0",
					"JUCE_APP_VERSION_HEX=0x20000",
					"JucePlugin_Build_VST=0",
					"JucePlugin_Build_VST3=0",
					"JucePlugin_Build_AU=0",
					"JucePlugin_Build_AUv3=0",
					"JucePlugin_Build_RTAS=0",
					"JucePlugin_Build_AAX=0",
					"JucePlugin_Build_Standalone=0", );
				GCC_SYMBOLS_PRIVATE_EXTERN = YES;
				GCC_VERSION = com.apple.compilers.llvm.clang.1_0;
				HEADER_SEARCH_PATHS = ("../../JuceLibraryCode", "~/JUCE/modules", "$(inherited)");
				INFOPLIST_FILE = Info-App.plist;
				INFOPLIST_PREPROCESS = NO;
				INSTALL_PATH = "$(HOME)/Applications";
				MACOSX_DEPLOYMENT_TARGET = 10.6;
				MACOSX_DEPLOYMENT_TARGET_ppc = 10.4;
				PRODUCT_BUNDLE_IDENTIFIER = com.robertsonics.wtconfig;
				SDKROOT_ppc = macosx10.5;
				USE_HEADERMAP = NO; }; name = Release; };
		0B5935455BB8F41783F70D43 = {isa = XCBuildConfiguration; buildSettings = {
				ALWAYS_SEARCH_USER_PATHS = NO;
				CLANG_WARN_BLOCK_CAPTURE_AUTORELEASING = YES;
				CLANG_WARN_BOOL_CONVERSION = YES;
				CLANG_WARN_COMMA = YES;
				CLANG_WARN_CONSTANT_CONVERSION = YES;
				CLANG_WARN_EMPTY_BODY = YES;
				CLANG_WARN_ENUM_CONVERSION = YES;
				CLANG_WARN_INFINITE_RECURSION = YES;
				CLANG_WARN_INT_CONVERSION = YES;
				CLANG_WARN_NON_LITERAL_NULL_CONVERSION = YES;
				CLANG_WARN_OBJC_LITERAL_CONVERSION = YES;
				CLANG_WARN_RANGE_LOOP_ANALYSIS = YES;
				CLANG_WARN_STRICT_PROTOTYPES = YES;
				CLANG_WARN_SUSPICIOUS_MOVE = YES;
				CLANG_WARN_UNREACHABLE_CODE = YES;
				CLANG_WARN__DUPLICATE_METHOD_MATCH = YES;
				DEBUG_INFORMATION_FORMAT = "dwarf";
				ENABLE_STRICT_OBJC_MSGSEND = YES;
				ENABLE_TESTABILITY = YES;
				GCC_C_LANGUAGE_STANDARD = c11;
				GCC_INLINES_ARE_PRIVATE_EXTERN = YES;
				GCC_MODEL_TUNING = G5;
				GCC_NO_COMMON_BLOCKS = YES;
				GCC_WARN_64_TO_32_BIT_CONVERSION = YES;
				GCC_WARN_ABOUT_RETURN_TYPE = YES;
				GCC_WARN_CHECK_SWITCH_STATEMENTS = YES;
				GCC_WARN_MISSING_PARENTHESES = YES;
				GCC_WARN_NON_VIRTUAL_DESTRUCTOR = YES;
				GCC_WARN_TYPECHECK_CALLS_TO_PRINTF = YES;
				GCC_WARN_UNDECLARED_SELECTOR = YES;
				GCC_WARN_UNINITIALIZED_AUTOS = YES;
				GCC_WARN_UNUSED_FUNCTION = YES;
				GCC_WARN_UNUSED_VARIABLE = YES;
				ONLY_ACTIVE_ARCH = YES;
				PRODUCT_NAME = "WTConfig";
				WARNING_CFLAGS = -Wreorder;
				ZERO_LINK = NO; }; name = Debug; };
		962461880B3995C4FFD58E65 = {isa = XCBuildConfiguration; buildSettings = {
				ALWAYS_SEARCH_USER_PATHS = NO;
				CLANG_WARN_BLOCK_CAPTURE_AUTORELEASING = YES;
				CLANG_WARN_BOOL_CONVERSION = YES;
				CLANG_WARN_COMMA = YES;
				CLANG_WARN_CONSTANT_CONVERSION = YES;
				CLANG_WARN_EMPTY_BODY = YES;
				CLANG_WARN_ENUM_CONVERSION = YES;
				CLANG_WARN_INFINITE_RECURSION = YES;
				CLANG_WARN_INT_CONVERSION = YES;
				CLANG_WARN_NON_LITERAL_NULL_CONVERSION = YES;
				CLANG_WARN_OBJC_LITERAL_CONVERSION = YES;
				CLANG_WARN_RANGE_LOOP_ANALYSIS = YES;
				CLANG_WARN_STRICT_PROTOTYPES = YES;
				CLANG_WARN_SUSPICIOUS_MOVE = YES;
				CLANG_WARN_UNREACHABLE_CODE = YES;
				CLANG_WARN__DUPLICATE_METHOD_MATCH = YES;
				DEBUG_INFORMATION_FORMAT = "dwarf";
				ENABLE_STRICT_OBJC_MSGSEND = YES;
				GCC_C_LANGUAGE_STANDARD = c11;
				GCC_INLINES_ARE_PRIVATE_EXTERN = YES;
				GCC_MODEL_TUNING = G5;
				GCC_NO_COMMON_BLOCKS = YES;
				GCC_WARN_64_TO_32_BIT_CONVERSION = YES;
				GCC_WARN_ABOUT_RETURN_TYPE = YES;
				GCC_WARN_CHECK_SWITCH_STATEMENTS = YES;
				GCC_WARN_MISSING_PARENTHESES = YES;
				GCC_WARN_NON_VIRTUAL_DESTRUCTOR = YES;
				GCC_WARN_TYPECHECK_CALLS_TO_PRINTF = YES;
				GCC_WARN_UNDECLARED_SELECTOR = YES;
				GCC_WARN_UNINITIALIZED_AUTOS = YES;
				GCC_WARN_UNUSED_FUNCTION = YES;
				GCC_WARN_UNUSED_VARIABLE = YES;
				PRODUCT_NAME = "WTConfig";
				WARNING_CFLAGS = -Wreorder;
				ZERO_LINK = NO; }; name = Release; };
		612F21C48F96329DFF80F221 = {isa = PBXTargetDependency; target = D9D88695A522CA77080C7E88; };
		B3A925119D74F9B01CCC8DB9 = {isa = XCConfigurationList; buildConfigurations = (
					0B5935455BB8F41783F70D43,
					962461880B3995C4FFD58E65, ); defaultConfigurationIsVisible = 0; defaultConfigurationName = Debug; };
		6389720931BCB3C9A0EB2E1C = {isa = XCConfigurationList; buildConfigurations = (
					2A3C9C652BF6B9817926FDAB,
					84E872F12A41E29FEBE49107, ); defaultConfigurationIsVisible = 0; defaultConfigurationName = Debug; };
		D5416D67A8A2DAD7762EF519 = {isa = PBXResourcesBuildPhase; buildActionMask = 2147483647; files = (
					5E3B4E39E850D16BA923A094,
					98995CF6D86555100EE34AC4, ); runOnlyForDeploymentPostprocessing = 0; };
		2EA704CD12B3D9F7F241EFDF = {isa = PBXSourcesBuildPhase; buildActionMask = 2147483647; files = (
					7D1EF4B7B25E5F197B0216ED,
					DFEE05FFADCA26949E5F8CAD,
					732E0D9731DC4DC9DBEBCBFB,
					32B56C9703D668DB7D503243,
					AB40A517BA6A0F7A4E5C6E62,
					458A6E5212718D7E2C860D8A,
					DACF43C322B02EFCADA5EDDA,
					5A3291E1034E7F980D9EAE14,
					D6BDCC301B7DE2F80199EDB1,
					C10701574ABCF93623E37114,
					AF95D831EF4AFC34757AA4B4,
					1B316ABCBE07A2E1CD97E689,
					171023FB37BC70DF1A028321,
					5FB07D5A5D0BD5C7BF8FFE4D,
					35841F07CC519C8CA5FC2A1B,
					14BD826556692D981A5334A5,
					FE2C579A99BBB1D9DA4B5597,
					39BF563B9D2E5268931B65EE,
					20357C564D48483F9454DE5C, ); runOnlyForDeploymentPostprocessing = 0; };
		DEC525D1996A199717667C09 = {isa = PBXFrameworksBuildPhase; buildActionMask = 2147483647; files = (
					3852AE6BB0773CE9E652EB74,
					0716467BB080BC02751343C0,
					1E423EB92E1F37E725B78031,
					87E87F7EA345EFD7BDF78A5A,
					FAE11D97DAD9F7ACB6092187, ); runOnlyForDeploymentPostprocessing = 0; };
		D9D88695A522CA77080C7E88 = {isa = PBXNativeTarget; buildConfigurationList = 6389720931BCB3C9A0EB2E1C; buildPhases = (
					D5416D67A8A2DAD7762EF519,
					2EA704CD12B3D9F7F241EFDF,
					DEC525D1996A199717667C09, ); buildRules = ( ); dependencies = (  ); name = "WTConfig - App"; productName = WTConfig; productReference = ACE77EF480F75B20A21A8E16; productType = "com.apple.product-type.application"; };
		9B10E3BFFC236338087CAA3B = {isa = PBXProject; buildConfigurationList = B3A925119D74F9B01CCC8DB9; attributes = { LastUpgradeCheck = 0830; TargetAttributes = { D9D88695A522CA77080C7E88 = { SystemCapabilities = {com.apple.ApplicationGroups.iOS = { enabled = 0; }; com.apple.InAppPurchase = { enabled = 0; }; com.apple.InterAppAudio = { enabled = 0; }; com.apple.Push = { enabled = 0; }; com.apple.Sandbox = { enabled = 0; }; }; }; }; }; compatibilityVersion = "Xcode 3.2"; hasScannedForEncodings = 0; mainGroup = 7824F0A4A79C882C9B778749; projectDirPath = ""; projectRoot = ""; targets = (D9D88695A522CA77080C7E88); };
	};
	rootObject = 9B10E3BFFC236338087CAA3B;
}
